
Microsoft Visual Studio Solution File, Format Version 12.00
# Visual Studio 14
VisualStudioVersion = 14.0.25420.1
MinimumVisualStudioVersion = 10.0.40219.1
Project("{2150E333-8FDC-42A3-9474-1A3956D46DE8}") = "src", "src", "{B1EEB6D4-8988-46ED-95CB-4BAC66BCC715}"
EndProject
Project("{2150E333-8FDC-42A3-9474-1A3956D46DE8}") = "Solution Items", "Solution Items", "{2B8ABC54-FD15-4F34-AE1A-9F7BF933B60C}"
	ProjectSection(SolutionItems) = preProject
		global.json = global.json
	EndProjectSection
EndProject
Project("{8BB2217D-0F2D-49D1-97BC-3654ED321F3B}") = "typescript-test-2", "src\typescript-test-2\typescript-test-2.xproj", "{94116743-45F2-4832-B564-34335D368749}"
EndProject
Global
	GlobalSection(SolutionConfigurationPlatforms) = preSolution
		Debug|Any CPU = Debug|Any CPU
		Release|Any CPU = Release|Any CPU
	EndGlobalSection
	GlobalSection(ProjectConfigurationPlatforms) = postSolution
		{94116743-45F2-4832-B564-34335D368749}.Debug|Any CPU.ActiveCfg = Debug|Any CPU
		{94116743-45F2-4832-B564-34335D368749}.Debug|Any CPU.Build.0 = Debug|Any CPU
		{94116743-45F2-4832-B564-34335D368749}.Release|Any CPU.ActiveCfg = Release|Any CPU
		{94116743-45F2-4832-B564-34335D368749}.Release|Any CPU.Build.0 = Release|Any CPU
	EndGlobalSection
	GlobalSection(SolutionProperties) = preSolution
		HideSolutionNode = FALSE
	EndGlobalSection
	GlobalSection(NestedProjects) = preSolution
		{94116743-45F2-4832-B564-34335D368749} = {B1EEB6D4-8988-46ED-95CB-4BAC66BCC715}
	EndGlobalSection
EndGlobal
